// !$*UTF8*$!
{
	archiveVersion = 1;
	classes = {
	};
	objectVersion = 56;
	objects = {

/* Begin PBXBuildFile section */
		2A52141D2BD7828D00E5E4A6 /* SnapKit in Frameworks */ = {isa = PBXBuildFile; productRef = 2A52141C2BD7828D00E5E4A6 /* SnapKit */; };
		2A52141F2BD7828D00E5E4A6 /* SnapKit-Dynamic in Frameworks */ = {isa = PBXBuildFile; productRef = 2A52141E2BD7828D00E5E4A6 /* SnapKit-Dynamic */; };
		2A77ECF32BDB32620061A441 /* CardViewController.swift in Sources */ = {isa = PBXBuildFile; fileRef = 2A77ECEB2BDB32620061A441 /* CardViewController.swift */; };
		2A77ECF42BDB32620061A441 /* MovieCardCollectionViewCell.swift in Sources */ = {isa = PBXBuildFile; fileRef = 2A77ECEC2BDB32620061A441 /* MovieCardCollectionViewCell.swift */; };
		2A77ECF52BDB32620061A441 /* MovieInfoCollectionViewCell.swift in Sources */ = {isa = PBXBuildFile; fileRef = 2A77ECED2BDB32620061A441 /* MovieInfoCollectionViewCell.swift */; };
		2A77ECF62BDB32620061A441 /* MovieInfoTableViewCell.swift in Sources */ = {isa = PBXBuildFile; fileRef = 2A77ECEE2BDB32620061A441 /* MovieInfoTableViewCell.swift */; };
		2A77ECF72BDB32620061A441 /* ExMovieViewController.swift in Sources */ = {isa = PBXBuildFile; fileRef = 2A77ECEF2BDB32620061A441 /* ExMovieViewController.swift */; };
		2A7EC5002BDEA52700E3B17C /* VideoTableViewCell.swift in Sources */ = {isa = PBXBuildFile; fileRef = 2A7EC4FF2BDEA52700E3B17C /* VideoTableViewCell.swift */; };
		2ACE9E7D2BD65F3D000E4669 /* SDWebImage in Frameworks */ = {isa = PBXBuildFile; productRef = 2ACE9E7C2BD65F3D000E4669 /* SDWebImage */; };
		2ACE9E7F2BD669B8000E4669 /* Formatter.swift in Sources */ = {isa = PBXBuildFile; fileRef = 2ACE9E7E2BD669B8000E4669 /* Formatter.swift */; };
		2ACE9E812BD66A1F000E4669 /* Numeric.swift in Sources */ = {isa = PBXBuildFile; fileRef = 2ACE9E802BD66A1F000E4669 /* Numeric.swift */; };
		3CD56FD72BD6451200687344 /* AppDelegate.swift in Sources */ = {isa = PBXBuildFile; fileRef = 3CD56FD62BD6451200687344 /* AppDelegate.swift */; };
		3CD56FDB2BD6451200687344 /* ViewController.swift in Sources */ = {isa = PBXBuildFile; fileRef = 3CD56FDA2BD6451200687344 /* ViewController.swift */; };
		3CD56FDE2BD6451200687344 /* Base in Resources */ = {isa = PBXBuildFile; fileRef = 3CD56FDD2BD6451200687344 /* Base */; };
		3CD56FE12BD6451200687344 /* TicketKing.xcdatamodeld in Sources */ = {isa = PBXBuildFile; fileRef = 3CD56FDF2BD6451200687344 /* TicketKing.xcdatamodeld */; };
		3CD56FE32BD6451500687344 /* Assets.xcassets in Resources */ = {isa = PBXBuildFile; fileRef = 3CD56FE22BD6451500687344 /* Assets.xcassets */; };
		3CD56FE62BD6451500687344 /* Base in Resources */ = {isa = PBXBuildFile; fileRef = 3CD56FE52BD6451500687344 /* Base */; };
		959C78722BD749F5001DAFFD /* MainViewController.swift in Sources */ = {isa = PBXBuildFile; fileRef = 959C78712BD749F5001DAFFD /* MainViewController.swift */; };
		959C78802BD7648D001DAFFD /* MainCollectionViewCell.swift in Sources */ = {isa = PBXBuildFile; fileRef = 959C787F2BD7648D001DAFFD /* MainCollectionViewCell.swift */; };
		959F3A032BDB7CC70028075D /* MovieViewController.swift in Sources */ = {isa = PBXBuildFile; fileRef = 959F3A022BDB7CC70028075D /* MovieViewController.swift */; };
		959F3A052BDB92B10028075D /* firstCollectionView.swift in Sources */ = {isa = PBXBuildFile; fileRef = 959F3A042BDB92B10028075D /* firstCollectionView.swift */; };
		959F3A072BDB92C30028075D /* secondCollectionView.swift in Sources */ = {isa = PBXBuildFile; fileRef = 959F3A062BDB92C30028075D /* secondCollectionView.swift */; };
		959F3A092BDB92CF0028075D /* thirdCollectionView.swift in Sources */ = {isa = PBXBuildFile; fileRef = 959F3A082BDB92CF0028075D /* thirdCollectionView.swift */; };
		95A3606F2BD95BA300B7925B /* MainTableViewCell.swift in Sources */ = {isa = PBXBuildFile; fileRef = 95A3606E2BD95BA300B7925B /* MainTableViewCell.swift */; };
		95A99FAF2BDD5071006CEE4F /* PaymentCompletedViewController.swift in Sources */ = {isa = PBXBuildFile; fileRef = 95A99FAE2BDD5071006CEE4F /* PaymentCompletedViewController.swift */; };
		95A99FB12BDD7EB3006CEE4F /* LogInViewController.swift in Sources */ = {isa = PBXBuildFile; fileRef = 95A99FB02BDD7EB3006CEE4F /* LogInViewController.swift */; };
		95A99FB42BDD7EC7006CEE4F /* ProfileViewController.swift in Sources */ = {isa = PBXBuildFile; fileRef = 95A99FB22BDD7EC6006CEE4F /* ProfileViewController.swift */; };
		95A99FB52BDD7EC7006CEE4F /* ProfileViewTableViewCell.swift in Sources */ = {isa = PBXBuildFile; fileRef = 95A99FB32BDD7EC6006CEE4F /* ProfileViewTableViewCell.swift */; };
		95A99FB72BDD7EDE006CEE4F /* SignUpViewController.swift in Sources */ = {isa = PBXBuildFile; fileRef = 95A99FB62BDD7EDE006CEE4F /* SignUpViewController.swift */; };
		95A99FB92BDD7F5B006CEE4F /* LabeledTextField.swift in Sources */ = {isa = PBXBuildFile; fileRef = 95A99FB82BDD7F5B006CEE4F /* LabeledTextField.swift */; };
		95A99FBB2BDD7FA1006CEE4F /* MovieInfoCell.swift in Sources */ = {isa = PBXBuildFile; fileRef = 95A99FBA2BDD7FA1006CEE4F /* MovieInfoCell.swift */; };
		95A99FBD2BDD7FB2006CEE4F /* StarRatingView.swift in Sources */ = {isa = PBXBuildFile; fileRef = 95A99FBC2BDD7FB2006CEE4F /* StarRatingView.swift */; };
		95A99FBF2BDD7FD5006CEE4F /* PersonInfoCell.swift in Sources */ = {isa = PBXBuildFile; fileRef = 95A99FBE2BDD7FD4006CEE4F /* PersonInfoCell.swift */; };
		95A99FC12BDD7FE3006CEE4F /* MovieCardCell.swift in Sources */ = {isa = PBXBuildFile; fileRef = 95A99FC02BDD7FE3006CEE4F /* MovieCardCell.swift */; };
		95A99FC72BDD801D006CEE4F /* GenreManager.swift in Sources */ = {isa = PBXBuildFile; fileRef = 95A99FC22BDD801D006CEE4F /* GenreManager.swift */; };
		95A99FC82BDD801D006CEE4F /* DirectorManager.swift in Sources */ = {isa = PBXBuildFile; fileRef = 95A99FC32BDD801D006CEE4F /* DirectorManager.swift */; };
		95A99FC92BDD801D006CEE4F /* CastManager.swift in Sources */ = {isa = PBXBuildFile; fileRef = 95A99FC42BDD801D006CEE4F /* CastManager.swift */; };
		95A99FCA2BDD801D006CEE4F /* MovieManager.swift in Sources */ = {isa = PBXBuildFile; fileRef = 95A99FC52BDD801D006CEE4F /* MovieManager.swift */; };
		95A99FCB2BDD801D006CEE4F /* UserManager.swift in Sources */ = {isa = PBXBuildFile; fileRef = 95A99FC62BDD801D006CEE4F /* UserManager.swift */; };
		95A99FCE2BDD8047006CEE4F /* Movie.swift in Sources */ = {isa = PBXBuildFile; fileRef = 95A99FCC2BDD8047006CEE4F /* Movie.swift */; };
		95A99FCF2BDD8047006CEE4F /* User.swift in Sources */ = {isa = PBXBuildFile; fileRef = 95A99FCD2BDD8047006CEE4F /* User.swift */; };
		95A99FD12BDD80C0006CEE4F /* SceneDelegate.swift in Sources */ = {isa = PBXBuildFile; fileRef = 95A99FD02BDD80C0006CEE4F /* SceneDelegate.swift */; };
		95A99FD92BDD8183006CEE4F /* ActorCollectionViewCell.swift in Sources */ = {isa = PBXBuildFile; fileRef = 95A99FD42BDD8182006CEE4F /* ActorCollectionViewCell.swift */; };
		95A99FDA2BDD8183006CEE4F /* CinemaTableViewCell.swift in Sources */ = {isa = PBXBuildFile; fileRef = 95A99FD52BDD8183006CEE4F /* CinemaTableViewCell.swift */; };
		95A99FDB2BDD8183006CEE4F /* DetailPageViewController.swift in Sources */ = {isa = PBXBuildFile; fileRef = 95A99FD62BDD8183006CEE4F /* DetailPageViewController.swift */; };
		95A99FDC2BDD8183006CEE4F /* MovieDetailView.swift in Sources */ = {isa = PBXBuildFile; fileRef = 95A99FD72BDD8183006CEE4F /* MovieDetailView.swift */; };
		95A99FDD2BDD8183006CEE4F /* DetailCollectionViewCell.swift in Sources */ = {isa = PBXBuildFile; fileRef = 95A99FD82BDD8183006CEE4F /* DetailCollectionViewCell.swift */; };
		95A99FE02BDD81D2006CEE4F /* BuyTicketPageViewController.swift in Sources */ = {isa = PBXBuildFile; fileRef = 95A99FDE2BDD81D2006CEE4F /* BuyTicketPageViewController.swift */; };
		95A99FE12BDD81D2006CEE4F /* PaymentMethodCollectionViewCell.swift in Sources */ = {isa = PBXBuildFile; fileRef = 95A99FDF2BDD81D2006CEE4F /* PaymentMethodCollectionViewCell.swift */; };
		95A99FE42BDD81E5006CEE4F /* BookingMovieCollectionViewCell.swift in Sources */ = {isa = PBXBuildFile; fileRef = 95A99FE22BDD81E5006CEE4F /* BookingMovieCollectionViewCell.swift */; };
		95A99FE52BDD81E5006CEE4F /* BookingMovieViewController.swift in Sources */ = {isa = PBXBuildFile; fileRef = 95A99FE32BDD81E5006CEE4F /* BookingMovieViewController.swift */; };
/* End PBXBuildFile section */

/* Begin PBXFileReference section */
		2A77ECEB2BDB32620061A441 /* CardViewController.swift */ = {isa = PBXFileReference; fileEncoding = 4; lastKnownFileType = sourcecode.swift; path = CardViewController.swift; sourceTree = "<group>"; };
		2A77ECEC2BDB32620061A441 /* MovieCardCollectionViewCell.swift */ = {isa = PBXFileReference; fileEncoding = 4; lastKnownFileType = sourcecode.swift; path = MovieCardCollectionViewCell.swift; sourceTree = "<group>"; };
		2A77ECED2BDB32620061A441 /* MovieInfoCollectionViewCell.swift */ = {isa = PBXFileReference; fileEncoding = 4; lastKnownFileType = sourcecode.swift; path = MovieInfoCollectionViewCell.swift; sourceTree = "<group>"; };
		2A77ECEE2BDB32620061A441 /* MovieInfoTableViewCell.swift */ = {isa = PBXFileReference; fileEncoding = 4; lastKnownFileType = sourcecode.swift; path = MovieInfoTableViewCell.swift; sourceTree = "<group>"; };
		2A77ECEF2BDB32620061A441 /* ExMovieViewController.swift */ = {isa = PBXFileReference; fileEncoding = 4; lastKnownFileType = sourcecode.swift; path = ExMovieViewController.swift; sourceTree = "<group>"; };
		2A7EC4FF2BDEA52700E3B17C /* VideoTableViewCell.swift */ = {isa = PBXFileReference; lastKnownFileType = sourcecode.swift; path = VideoTableViewCell.swift; sourceTree = "<group>"; };
		2ACE9E7E2BD669B8000E4669 /* Formatter.swift */ = {isa = PBXFileReference; lastKnownFileType = sourcecode.swift; path = Formatter.swift; sourceTree = "<group>"; };
		2ACE9E802BD66A1F000E4669 /* Numeric.swift */ = {isa = PBXFileReference; lastKnownFileType = sourcecode.swift; path = Numeric.swift; sourceTree = "<group>"; };
		3CD56FD32BD6451200687344 /* TicketKing.app */ = {isa = PBXFileReference; explicitFileType = wrapper.application; includeInIndex = 0; path = TicketKing.app; sourceTree = BUILT_PRODUCTS_DIR; };
		3CD56FD62BD6451200687344 /* AppDelegate.swift */ = {isa = PBXFileReference; lastKnownFileType = sourcecode.swift; path = AppDelegate.swift; sourceTree = "<group>"; };
		3CD56FDA2BD6451200687344 /* ViewController.swift */ = {isa = PBXFileReference; lastKnownFileType = sourcecode.swift; path = ViewController.swift; sourceTree = "<group>"; };
		3CD56FDD2BD6451200687344 /* Base */ = {isa = PBXFileReference; lastKnownFileType = file.storyboard; name = Base; path = Base.lproj/Main.storyboard; sourceTree = "<group>"; };
		3CD56FE02BD6451200687344 /* TicketKing.xcdatamodel */ = {isa = PBXFileReference; lastKnownFileType = wrapper.xcdatamodel; path = TicketKing.xcdatamodel; sourceTree = "<group>"; };
		3CD56FE22BD6451500687344 /* Assets.xcassets */ = {isa = PBXFileReference; lastKnownFileType = folder.assetcatalog; path = Assets.xcassets; sourceTree = "<group>"; };
		3CD56FE52BD6451500687344 /* Base */ = {isa = PBXFileReference; lastKnownFileType = file.storyboard; name = Base; path = Base.lproj/LaunchScreen.storyboard; sourceTree = "<group>"; };
		3CD56FE72BD6451500687344 /* Info.plist */ = {isa = PBXFileReference; lastKnownFileType = text.plist.xml; path = Info.plist; sourceTree = "<group>"; };
		959C78712BD749F5001DAFFD /* MainViewController.swift */ = {isa = PBXFileReference; lastKnownFileType = sourcecode.swift; path = MainViewController.swift; sourceTree = "<group>"; };
		959C787F2BD7648D001DAFFD /* MainCollectionViewCell.swift */ = {isa = PBXFileReference; lastKnownFileType = sourcecode.swift; path = MainCollectionViewCell.swift; sourceTree = "<group>"; };
		959F3A022BDB7CC70028075D /* MovieViewController.swift */ = {isa = PBXFileReference; fileEncoding = 4; lastKnownFileType = sourcecode.swift; path = MovieViewController.swift; sourceTree = "<group>"; };
		959F3A042BDB92B10028075D /* firstCollectionView.swift */ = {isa = PBXFileReference; lastKnownFileType = sourcecode.swift; path = firstCollectionView.swift; sourceTree = "<group>"; };
		959F3A062BDB92C30028075D /* secondCollectionView.swift */ = {isa = PBXFileReference; lastKnownFileType = sourcecode.swift; path = secondCollectionView.swift; sourceTree = "<group>"; };
		959F3A082BDB92CF0028075D /* thirdCollectionView.swift */ = {isa = PBXFileReference; lastKnownFileType = sourcecode.swift; path = thirdCollectionView.swift; sourceTree = "<group>"; };
		95A3606E2BD95BA300B7925B /* MainTableViewCell.swift */ = {isa = PBXFileReference; lastKnownFileType = sourcecode.swift; path = MainTableViewCell.swift; sourceTree = "<group>"; };
		95A99FAE2BDD5071006CEE4F /* PaymentCompletedViewController.swift */ = {isa = PBXFileReference; lastKnownFileType = sourcecode.swift; path = PaymentCompletedViewController.swift; sourceTree = "<group>"; };
		95A99FB02BDD7EB3006CEE4F /* LogInViewController.swift */ = {isa = PBXFileReference; fileEncoding = 4; lastKnownFileType = sourcecode.swift; path = LogInViewController.swift; sourceTree = "<group>"; };
		95A99FB22BDD7EC6006CEE4F /* ProfileViewController.swift */ = {isa = PBXFileReference; fileEncoding = 4; lastKnownFileType = sourcecode.swift; path = ProfileViewController.swift; sourceTree = "<group>"; };
		95A99FB32BDD7EC6006CEE4F /* ProfileViewTableViewCell.swift */ = {isa = PBXFileReference; fileEncoding = 4; lastKnownFileType = sourcecode.swift; path = ProfileViewTableViewCell.swift; sourceTree = "<group>"; };
		95A99FB62BDD7EDE006CEE4F /* SignUpViewController.swift */ = {isa = PBXFileReference; fileEncoding = 4; lastKnownFileType = sourcecode.swift; path = SignUpViewController.swift; sourceTree = "<group>"; };
		95A99FB82BDD7F5B006CEE4F /* LabeledTextField.swift */ = {isa = PBXFileReference; fileEncoding = 4; lastKnownFileType = sourcecode.swift; path = LabeledTextField.swift; sourceTree = "<group>"; };
		95A99FBA2BDD7FA1006CEE4F /* MovieInfoCell.swift */ = {isa = PBXFileReference; fileEncoding = 4; lastKnownFileType = sourcecode.swift; path = MovieInfoCell.swift; sourceTree = "<group>"; };
		95A99FBC2BDD7FB2006CEE4F /* StarRatingView.swift */ = {isa = PBXFileReference; fileEncoding = 4; lastKnownFileType = sourcecode.swift; path = StarRatingView.swift; sourceTree = "<group>"; };
		95A99FBE2BDD7FD4006CEE4F /* PersonInfoCell.swift */ = {isa = PBXFileReference; fileEncoding = 4; lastKnownFileType = sourcecode.swift; path = PersonInfoCell.swift; sourceTree = "<group>"; };
		95A99FC02BDD7FE3006CEE4F /* MovieCardCell.swift */ = {isa = PBXFileReference; fileEncoding = 4; lastKnownFileType = sourcecode.swift; path = MovieCardCell.swift; sourceTree = "<group>"; };
		95A99FC22BDD801D006CEE4F /* GenreManager.swift */ = {isa = PBXFileReference; fileEncoding = 4; lastKnownFileType = sourcecode.swift; path = GenreManager.swift; sourceTree = "<group>"; };
		95A99FC32BDD801D006CEE4F /* DirectorManager.swift */ = {isa = PBXFileReference; fileEncoding = 4; lastKnownFileType = sourcecode.swift; path = DirectorManager.swift; sourceTree = "<group>"; };
		95A99FC42BDD801D006CEE4F /* CastManager.swift */ = {isa = PBXFileReference; fileEncoding = 4; lastKnownFileType = sourcecode.swift; path = CastManager.swift; sourceTree = "<group>"; };
		95A99FC52BDD801D006CEE4F /* MovieManager.swift */ = {isa = PBXFileReference; fileEncoding = 4; lastKnownFileType = sourcecode.swift; path = MovieManager.swift; sourceTree = "<group>"; };
		95A99FC62BDD801D006CEE4F /* UserManager.swift */ = {isa = PBXFileReference; fileEncoding = 4; lastKnownFileType = sourcecode.swift; path = UserManager.swift; sourceTree = "<group>"; };
		95A99FCC2BDD8047006CEE4F /* Movie.swift */ = {isa = PBXFileReference; fileEncoding = 4; lastKnownFileType = sourcecode.swift; path = Movie.swift; sourceTree = "<group>"; };
		95A99FCD2BDD8047006CEE4F /* User.swift */ = {isa = PBXFileReference; fileEncoding = 4; lastKnownFileType = sourcecode.swift; path = User.swift; sourceTree = "<group>"; };
		95A99FD02BDD80C0006CEE4F /* SceneDelegate.swift */ = {isa = PBXFileReference; fileEncoding = 4; lastKnownFileType = sourcecode.swift; path = SceneDelegate.swift; sourceTree = "<group>"; };
		95A99FD42BDD8182006CEE4F /* ActorCollectionViewCell.swift */ = {isa = PBXFileReference; fileEncoding = 4; lastKnownFileType = sourcecode.swift; path = ActorCollectionViewCell.swift; sourceTree = "<group>"; };
		95A99FD52BDD8183006CEE4F /* CinemaTableViewCell.swift */ = {isa = PBXFileReference; fileEncoding = 4; lastKnownFileType = sourcecode.swift; path = CinemaTableViewCell.swift; sourceTree = "<group>"; };
		95A99FD62BDD8183006CEE4F /* DetailPageViewController.swift */ = {isa = PBXFileReference; fileEncoding = 4; lastKnownFileType = sourcecode.swift; path = DetailPageViewController.swift; sourceTree = "<group>"; };
		95A99FD72BDD8183006CEE4F /* MovieDetailView.swift */ = {isa = PBXFileReference; fileEncoding = 4; lastKnownFileType = sourcecode.swift; path = MovieDetailView.swift; sourceTree = "<group>"; };
		95A99FD82BDD8183006CEE4F /* DetailCollectionViewCell.swift */ = {isa = PBXFileReference; fileEncoding = 4; lastKnownFileType = sourcecode.swift; path = DetailCollectionViewCell.swift; sourceTree = "<group>"; };
		95A99FDE2BDD81D2006CEE4F /* BuyTicketPageViewController.swift */ = {isa = PBXFileReference; fileEncoding = 4; lastKnownFileType = sourcecode.swift; path = BuyTicketPageViewController.swift; sourceTree = "<group>"; };
		95A99FDF2BDD81D2006CEE4F /* PaymentMethodCollectionViewCell.swift */ = {isa = PBXFileReference; fileEncoding = 4; lastKnownFileType = sourcecode.swift; path = PaymentMethodCollectionViewCell.swift; sourceTree = "<group>"; };
		95A99FE22BDD81E5006CEE4F /* BookingMovieCollectionViewCell.swift */ = {isa = PBXFileReference; fileEncoding = 4; lastKnownFileType = sourcecode.swift; path = BookingMovieCollectionViewCell.swift; sourceTree = "<group>"; };
		95A99FE32BDD81E5006CEE4F /* BookingMovieViewController.swift */ = {isa = PBXFileReference; fileEncoding = 4; lastKnownFileType = sourcecode.swift; path = BookingMovieViewController.swift; sourceTree = "<group>"; };
/* End PBXFileReference section */

/* Begin PBXFrameworksBuildPhase section */
		3CD56FD02BD6451200687344 /* Frameworks */ = {
			isa = PBXFrameworksBuildPhase;
			buildActionMask = 2147483647;
			files = (
				2ACE9E7D2BD65F3D000E4669 /* SDWebImage in Frameworks */,
				2A52141D2BD7828D00E5E4A6 /* SnapKit in Frameworks */,
				2A52141F2BD7828D00E5E4A6 /* SnapKit-Dynamic in Frameworks */,
			);
			runOnlyForDeploymentPostprocessing = 0;
		};
/* End PBXFrameworksBuildPhase section */

/* Begin PBXGroup section */
		2A5214232BD7DB7D00E5E4A6 /* Component */ = {
			isa = PBXGroup;
			children = (
				95A99FC02BDD7FE3006CEE4F /* MovieCardCell.swift */,
				95A99FBE2BDD7FD4006CEE4F /* PersonInfoCell.swift */,
				95A99FBC2BDD7FB2006CEE4F /* StarRatingView.swift */,
				95A99FBA2BDD7FA1006CEE4F /* MovieInfoCell.swift */,
				95A99FB82BDD7F5B006CEE4F /* LabeledTextField.swift */,
			);
			path = Component;
			sourceTree = "<group>";
		};
		2A77ECF22BDB32620061A441 /* ViewModel */ = {
			isa = PBXGroup;
			children = (
				2A77ECEB2BDB32620061A441 /* CardViewController.swift */,
				2A77ECEC2BDB32620061A441 /* MovieCardCollectionViewCell.swift */,
				2A77ECED2BDB32620061A441 /* MovieInfoCollectionViewCell.swift */,
				2A77ECEE2BDB32620061A441 /* MovieInfoTableViewCell.swift */,
				2A77ECEF2BDB32620061A441 /* ExMovieViewController.swift */,
			);
			path = ViewModel;
			sourceTree = "<group>";
		};
		2ACE9E722BD65764000E4669 /* Networking */ = {
			isa = PBXGroup;
			children = (
				95A99FC42BDD801D006CEE4F /* CastManager.swift */,
				95A99FC32BDD801D006CEE4F /* DirectorManager.swift */,
				95A99FC22BDD801D006CEE4F /* GenreManager.swift */,
				95A99FC52BDD801D006CEE4F /* MovieManager.swift */,
				95A99FC62BDD801D006CEE4F /* UserManager.swift */,
			);
			path = Networking;
			sourceTree = "<group>";
		};
		2ACE9E732BD65771000E4669 /* Extensions */ = {
			isa = PBXGroup;
			children = (
				2ACE9E7E2BD669B8000E4669 /* Formatter.swift */,
				2ACE9E802BD66A1F000E4669 /* Numeric.swift */,
			);
			path = Extensions;
			sourceTree = "<group>";
		};
		2ACE9E742BD6577F000E4669 /* Resources */ = {
			isa = PBXGroup;
			children = (
				3CD56FE22BD6451500687344 /* Assets.xcassets */,
			);
			path = Resources;
			sourceTree = "<group>";
		};
		2ACE9E752BD65792000E4669 /* Model */ = {
			isa = PBXGroup;
			children = (
				95A99FCC2BDD8047006CEE4F /* Movie.swift */,
				95A99FCD2BDD8047006CEE4F /* User.swift */,
			);
			path = Model;
			sourceTree = "<group>";
		};
		2ACE9E762BD6579B000E4669 /* Controller */ = {
			isa = PBXGroup;
			children = (
				3CD56FDA2BD6451200687344 /* ViewController.swift */,
			);
			path = Controller;
			sourceTree = "<group>";
		};
		2ACE9E772BD657AA000E4669 /* View */ = {
			isa = PBXGroup;
			children = (
				95A99FD02BDD80C0006CEE4F /* SceneDelegate.swift */,
				3CD56FD62BD6451200687344 /* AppDelegate.swift */,
			);
			path = View;
			sourceTree = "<group>";
		};
		3CD56FCA2BD6451200687344 = {
			isa = PBXGroup;
			children = (
				3CD56FD52BD6451200687344 /* TicketKing */,
				3CD56FD42BD6451200687344 /* Products */,
			);
			sourceTree = "<group>";
		};
		3CD56FD42BD6451200687344 /* Products */ = {
			isa = PBXGroup;
			children = (
				3CD56FD32BD6451200687344 /* TicketKing.app */,
			);
			name = Products;
			sourceTree = "<group>";
		};
		3CD56FD52BD6451200687344 /* TicketKing */ = {
			isa = PBXGroup;
			children = (
				2A77ECF22BDB32620061A441 /* ViewModel */,
				95A99FD32BDD816B006CEE4F /* HJ */,
				95A99FD22BDD80CC006CEE4F /* LogIn */,
				959C78702BD74969001DAFFD /* DDattj */,
				2ACE9E772BD657AA000E4669 /* View */,
				2ACE9E762BD6579B000E4669 /* Controller */,
				2ACE9E752BD65792000E4669 /* Model */,
				2ACE9E742BD6577F000E4669 /* Resources */,
				2ACE9E732BD65771000E4669 /* Extensions */,
				2ACE9E722BD65764000E4669 /* Networking */,
				3CD56FE72BD6451500687344 /* Info.plist */,
				3CD56FDF2BD6451200687344 /* TicketKing.xcdatamodeld */,
				3CD56FDC2BD6451200687344 /* Main.storyboard */,
				3CD56FE42BD6451500687344 /* LaunchScreen.storyboard */,
				2A5214232BD7DB7D00E5E4A6 /* Component */,
			);
			path = TicketKing;
			sourceTree = "<group>";
		};
		959C78702BD74969001DAFFD /* DDattj */ = {
			isa = PBXGroup;
			children = (
				959C78712BD749F5001DAFFD /* MainViewController.swift */,
				959C787F2BD7648D001DAFFD /* MainCollectionViewCell.swift */,
				95A3606E2BD95BA300B7925B /* MainTableViewCell.swift */,
				959F3A022BDB7CC70028075D /* MovieViewController.swift */,
				959F3A042BDB92B10028075D /* firstCollectionView.swift */,
				959F3A062BDB92C30028075D /* secondCollectionView.swift */,
				959F3A082BDB92CF0028075D /* thirdCollectionView.swift */,
				95A99FAE2BDD5071006CEE4F /* PaymentCompletedViewController.swift */,
			);
			path = DDattj;
			sourceTree = "<group>";
		};
		95A99FD22BDD80CC006CEE4F /* LogIn */ = {
			isa = PBXGroup;
			children = (
				95A99FB02BDD7EB3006CEE4F /* LogInViewController.swift */,
				95A99FB22BDD7EC6006CEE4F /* ProfileViewController.swift */,
				95A99FB32BDD7EC6006CEE4F /* ProfileViewTableViewCell.swift */,
				95A99FB62BDD7EDE006CEE4F /* SignUpViewController.swift */,
			);
			path = LogIn;
			sourceTree = "<group>";
		};
		95A99FD32BDD816B006CEE4F /* HJ */ = {
			isa = PBXGroup;
			children = (
				95A99FDE2BDD81D2006CEE4F /* BuyTicketPageViewController.swift */,
				95A99FDF2BDD81D2006CEE4F /* PaymentMethodCollectionViewCell.swift */,
				95A99FD42BDD8182006CEE4F /* ActorCollectionViewCell.swift */,
				95A99FD52BDD8183006CEE4F /* CinemaTableViewCell.swift */,
				95A99FD82BDD8183006CEE4F /* DetailCollectionViewCell.swift */,
				95A99FD62BDD8183006CEE4F /* DetailPageViewController.swift */,
				95A99FD72BDD8183006CEE4F /* MovieDetailView.swift */,
				2A7EC4FF2BDEA52700E3B17C /* VideoTableViewCell.swift */,
				95A99FE22BDD81E5006CEE4F /* BookingMovieCollectionViewCell.swift */,
				95A99FE32BDD81E5006CEE4F /* BookingMovieViewController.swift */,
			);
			path = HJ;
			sourceTree = "<group>";
		};
/* End PBXGroup section */

/* Begin PBXNativeTarget section */
		3CD56FD22BD6451200687344 /* TicketKing */ = {
			isa = PBXNativeTarget;
			buildConfigurationList = 3CD56FEA2BD6451500687344 /* Build configuration list for PBXNativeTarget "TicketKing" */;
			buildPhases = (
				3CD56FCF2BD6451200687344 /* Sources */,
				3CD56FD02BD6451200687344 /* Frameworks */,
				3CD56FD12BD6451200687344 /* Resources */,
			);
			buildRules = (
			);
			dependencies = (
			);
			name = TicketKing;
			packageProductDependencies = (
				2ACE9E7C2BD65F3D000E4669 /* SDWebImage */,
				2A52141C2BD7828D00E5E4A6 /* SnapKit */,
				2A52141E2BD7828D00E5E4A6 /* SnapKit-Dynamic */,
			);
			productName = TicketKing;
			productReference = 3CD56FD32BD6451200687344 /* TicketKing.app */;
			productType = "com.apple.product-type.application";
		};
/* End PBXNativeTarget section */

/* Begin PBXProject section */
		3CD56FCB2BD6451200687344 /* Project object */ = {
			isa = PBXProject;
			attributes = {
				BuildIndependentTargetsInParallel = 1;
				LastSwiftUpdateCheck = 1530;
				LastUpgradeCheck = 1530;
				TargetAttributes = {
					3CD56FD22BD6451200687344 = {
						CreatedOnToolsVersion = 15.3;
					};
				};
			};
			buildConfigurationList = 3CD56FCE2BD6451200687344 /* Build configuration list for PBXProject "TicketKing" */;
			compatibilityVersion = "Xcode 14.0";
			developmentRegion = en;
			hasScannedForEncodings = 0;
			knownRegions = (
				en,
				Base,
			);
			mainGroup = 3CD56FCA2BD6451200687344;
			packageReferences = (
				2ACE9E7B2BD65F3D000E4669 /* XCRemoteSwiftPackageReference "SDWebImage" */,
				2A52141B2BD7828D00E5E4A6 /* XCRemoteSwiftPackageReference "SnapKit" */,
			);
			productRefGroup = 3CD56FD42BD6451200687344 /* Products */;
			projectDirPath = "";
			projectRoot = "";
			targets = (
				3CD56FD22BD6451200687344 /* TicketKing */,
			);
		};
/* End PBXProject section */

/* Begin PBXResourcesBuildPhase section */
		3CD56FD12BD6451200687344 /* Resources */ = {
			isa = PBXResourcesBuildPhase;
			buildActionMask = 2147483647;
			files = (
				3CD56FE32BD6451500687344 /* Assets.xcassets in Resources */,
				3CD56FE62BD6451500687344 /* Base in Resources */,
				3CD56FDE2BD6451200687344 /* Base in Resources */,
			);
			runOnlyForDeploymentPostprocessing = 0;
		};
/* End PBXResourcesBuildPhase section */

/* Begin PBXSourcesBuildPhase section */
		3CD56FCF2BD6451200687344 /* Sources */ = {
			isa = PBXSourcesBuildPhase;
			buildActionMask = 2147483647;
			files = (
				95A99FDB2BDD8183006CEE4F /* DetailPageViewController.swift in Sources */,
				95A99FB72BDD7EDE006CEE4F /* SignUpViewController.swift in Sources */,
				95A99FBD2BDD7FB2006CEE4F /* StarRatingView.swift in Sources */,
				95A99FCA2BDD801D006CEE4F /* MovieManager.swift in Sources */,
				959F3A032BDB7CC70028075D /* MovieViewController.swift in Sources */,
				2A7EC5002BDEA52700E3B17C /* VideoTableViewCell.swift in Sources */,
				3CD56FE12BD6451200687344 /* TicketKing.xcdatamodeld in Sources */,
				95A99FE52BDD81E5006CEE4F /* BookingMovieViewController.swift in Sources */,
				959F3A052BDB92B10028075D /* firstCollectionView.swift in Sources */,
				2A77ECF52BDB32620061A441 /* MovieInfoCollectionViewCell.swift in Sources */,
				2A77ECF32BDB32620061A441 /* CardViewController.swift in Sources */,
				95A99FC12BDD7FE3006CEE4F /* MovieCardCell.swift in Sources */,
				95A99FB52BDD7EC7006CEE4F /* ProfileViewTableViewCell.swift in Sources */,
				95A99FB12BDD7EB3006CEE4F /* LogInViewController.swift in Sources */,
				95A99FD12BDD80C0006CEE4F /* SceneDelegate.swift in Sources */,
				2A77ECF72BDB32620061A441 /* ExMovieViewController.swift in Sources */,
				95A99FE02BDD81D2006CEE4F /* BuyTicketPageViewController.swift in Sources */,
				95A99FC82BDD801D006CEE4F /* DirectorManager.swift in Sources */,
				95A99FDA2BDD8183006CEE4F /* CinemaTableViewCell.swift in Sources */,
				3CD56FDB2BD6451200687344 /* ViewController.swift in Sources */,
				95A99FCE2BDD8047006CEE4F /* Movie.swift in Sources */,
				2A77ECF62BDB32620061A441 /* MovieInfoTableViewCell.swift in Sources */,
				95A99FB42BDD7EC7006CEE4F /* ProfileViewController.swift in Sources */,
				95A99FDD2BDD8183006CEE4F /* DetailCollectionViewCell.swift in Sources */,
				2ACE9E812BD66A1F000E4669 /* Numeric.swift in Sources */,
				95A99FAF2BDD5071006CEE4F /* PaymentCompletedViewController.swift in Sources */,
				95A99FCB2BDD801D006CEE4F /* UserManager.swift in Sources */,
				2ACE9E7F2BD669B8000E4669 /* Formatter.swift in Sources */,
				959C78802BD7648D001DAFFD /* MainCollectionViewCell.swift in Sources */,
				2A77ECF42BDB32620061A441 /* MovieCardCollectionViewCell.swift in Sources */,
				95A99FB92BDD7F5B006CEE4F /* LabeledTextField.swift in Sources */,
				95A3606F2BD95BA300B7925B /* MainTableViewCell.swift in Sources */,
				3CD56FD72BD6451200687344 /* AppDelegate.swift in Sources */,
				3CD56FD72BD6451200687344 /* AppDelegate.swift in Sources */,
				95A99FDC2BDD8183006CEE4F /* MovieDetailView.swift in Sources */,
				959F3A072BDB92C30028075D /* secondCollectionView.swift in Sources */,
				95A99FE12BDD81D2006CEE4F /* PaymentMethodCollectionViewCell.swift in Sources */,
				95A99FE42BDD81E5006CEE4F /* BookingMovieCollectionViewCell.swift in Sources */,
				95A99FC72BDD801D006CEE4F /* GenreManager.swift in Sources */,
				95A99FD92BDD8183006CEE4F /* ActorCollectionViewCell.swift in Sources */,
				95A99FBB2BDD7FA1006CEE4F /* MovieInfoCell.swift in Sources */,
				95A99FBF2BDD7FD5006CEE4F /* PersonInfoCell.swift in Sources */,
				959F3A092BDB92CF0028075D /* thirdCollectionView.swift in Sources */,
				95A99FCF2BDD8047006CEE4F /* User.swift in Sources */,
				95A99FC92BDD801D006CEE4F /* CastManager.swift in Sources */,
				959C78722BD749F5001DAFFD /* MainViewController.swift in Sources */,
			);
			runOnlyForDeploymentPostprocessing = 0;
		};
/* End PBXSourcesBuildPhase section */

/* Begin PBXVariantGroup section */
		3CD56FDC2BD6451200687344 /* Main.storyboard */ = {
			isa = PBXVariantGroup;
			children = (
				3CD56FDD2BD6451200687344 /* Base */,
			);
			name = Main.storyboard;
			sourceTree = "<group>";
		};
		3CD56FE42BD6451500687344 /* LaunchScreen.storyboard */ = {
			isa = PBXVariantGroup;
			children = (
				3CD56FE52BD6451500687344 /* Base */,
			);
			name = LaunchScreen.storyboard;
			sourceTree = "<group>";
		};
/* End PBXVariantGroup section */

/* Begin XCBuildConfiguration section */
		3CD56FE82BD6451500687344 /* Debug */ = {
			isa = XCBuildConfiguration;
			buildSettings = {
				ALWAYS_SEARCH_USER_PATHS = NO;
				ASSETCATALOG_COMPILER_GENERATE_SWIFT_ASSET_SYMBOL_EXTENSIONS = YES;
				CLANG_ANALYZER_NONNULL = YES;
				CLANG_ANALYZER_NUMBER_OBJECT_CONVERSION = YES_AGGRESSIVE;
				CLANG_CXX_LANGUAGE_STANDARD = "gnu++20";
				CLANG_ENABLE_MODULES = YES;
				CLANG_ENABLE_OBJC_ARC = YES;
				CLANG_ENABLE_OBJC_WEAK = YES;
				CLANG_WARN_BLOCK_CAPTURE_AUTORELEASING = YES;
				CLANG_WARN_BOOL_CONVERSION = YES;
				CLANG_WARN_COMMA = YES;
				CLANG_WARN_CONSTANT_CONVERSION = YES;
				CLANG_WARN_DEPRECATED_OBJC_IMPLEMENTATIONS = YES;
				CLANG_WARN_DIRECT_OBJC_ISA_USAGE = YES_ERROR;
				CLANG_WARN_DOCUMENTATION_COMMENTS = YES;
				CLANG_WARN_EMPTY_BODY = YES;
				CLANG_WARN_ENUM_CONVERSION = YES;
				CLANG_WARN_INFINITE_RECURSION = YES;
				CLANG_WARN_INT_CONVERSION = YES;
				CLANG_WARN_NON_LITERAL_NULL_CONVERSION = YES;
				CLANG_WARN_OBJC_IMPLICIT_RETAIN_SELF = YES;
				CLANG_WARN_OBJC_LITERAL_CONVERSION = YES;
				CLANG_WARN_OBJC_ROOT_CLASS = YES_ERROR;
				CLANG_WARN_QUOTED_INCLUDE_IN_FRAMEWORK_HEADER = YES;
				CLANG_WARN_RANGE_LOOP_ANALYSIS = YES;
				CLANG_WARN_STRICT_PROTOTYPES = YES;
				CLANG_WARN_SUSPICIOUS_MOVE = YES;
				CLANG_WARN_UNGUARDED_AVAILABILITY = YES_AGGRESSIVE;
				CLANG_WARN_UNREACHABLE_CODE = YES;
				CLANG_WARN__DUPLICATE_METHOD_MATCH = YES;
				COPY_PHASE_STRIP = NO;
				DEBUG_INFORMATION_FORMAT = dwarf;
				ENABLE_STRICT_OBJC_MSGSEND = YES;
				ENABLE_TESTABILITY = YES;
				ENABLE_USER_SCRIPT_SANDBOXING = YES;
				GCC_C_LANGUAGE_STANDARD = gnu17;
				GCC_DYNAMIC_NO_PIC = NO;
				GCC_NO_COMMON_BLOCKS = YES;
				GCC_OPTIMIZATION_LEVEL = 0;
				GCC_PREPROCESSOR_DEFINITIONS = (
					"DEBUG=1",
					"$(inherited)",
				);
				GCC_WARN_64_TO_32_BIT_CONVERSION = YES;
				GCC_WARN_ABOUT_RETURN_TYPE = YES_ERROR;
				GCC_WARN_UNDECLARED_SELECTOR = YES;
				GCC_WARN_UNINITIALIZED_AUTOS = YES_AGGRESSIVE;
				GCC_WARN_UNUSED_FUNCTION = YES;
				GCC_WARN_UNUSED_VARIABLE = YES;
				IPHONEOS_DEPLOYMENT_TARGET = 16.0;
				LOCALIZATION_PREFERS_STRING_CATALOGS = YES;
				MTL_ENABLE_DEBUG_INFO = INCLUDE_SOURCE;
				MTL_FAST_MATH = YES;
				ONLY_ACTIVE_ARCH = YES;
				SDKROOT = iphoneos;
				SWIFT_ACTIVE_COMPILATION_CONDITIONS = "DEBUG $(inherited)";
				SWIFT_OPTIMIZATION_LEVEL = "-Onone";
			};
			name = Debug;
		};
		3CD56FE92BD6451500687344 /* Release */ = {
			isa = XCBuildConfiguration;
			buildSettings = {
				ALWAYS_SEARCH_USER_PATHS = NO;
				ASSETCATALOG_COMPILER_GENERATE_SWIFT_ASSET_SYMBOL_EXTENSIONS = YES;
				CLANG_ANALYZER_NONNULL = YES;
				CLANG_ANALYZER_NUMBER_OBJECT_CONVERSION = YES_AGGRESSIVE;
				CLANG_CXX_LANGUAGE_STANDARD = "gnu++20";
				CLANG_ENABLE_MODULES = YES;
				CLANG_ENABLE_OBJC_ARC = YES;
				CLANG_ENABLE_OBJC_WEAK = YES;
				CLANG_WARN_BLOCK_CAPTURE_AUTORELEASING = YES;
				CLANG_WARN_BOOL_CONVERSION = YES;
				CLANG_WARN_COMMA = YES;
				CLANG_WARN_CONSTANT_CONVERSION = YES;
				CLANG_WARN_DEPRECATED_OBJC_IMPLEMENTATIONS = YES;
				CLANG_WARN_DIRECT_OBJC_ISA_USAGE = YES_ERROR;
				CLANG_WARN_DOCUMENTATION_COMMENTS = YES;
				CLANG_WARN_EMPTY_BODY = YES;
				CLANG_WARN_ENUM_CONVERSION = YES;
				CLANG_WARN_INFINITE_RECURSION = YES;
				CLANG_WARN_INT_CONVERSION = YES;
				CLANG_WARN_NON_LITERAL_NULL_CONVERSION = YES;
				CLANG_WARN_OBJC_IMPLICIT_RETAIN_SELF = YES;
				CLANG_WARN_OBJC_LITERAL_CONVERSION = YES;
				CLANG_WARN_OBJC_ROOT_CLASS = YES_ERROR;
				CLANG_WARN_QUOTED_INCLUDE_IN_FRAMEWORK_HEADER = YES;
				CLANG_WARN_RANGE_LOOP_ANALYSIS = YES;
				CLANG_WARN_STRICT_PROTOTYPES = YES;
				CLANG_WARN_SUSPICIOUS_MOVE = YES;
				CLANG_WARN_UNGUARDED_AVAILABILITY = YES_AGGRESSIVE;
				CLANG_WARN_UNREACHABLE_CODE = YES;
				CLANG_WARN__DUPLICATE_METHOD_MATCH = YES;
				COPY_PHASE_STRIP = NO;
				DEBUG_INFORMATION_FORMAT = "dwarf-with-dsym";
				ENABLE_NS_ASSERTIONS = NO;
				ENABLE_STRICT_OBJC_MSGSEND = YES;
				ENABLE_USER_SCRIPT_SANDBOXING = YES;
				GCC_C_LANGUAGE_STANDARD = gnu17;
				GCC_NO_COMMON_BLOCKS = YES;
				GCC_WARN_64_TO_32_BIT_CONVERSION = YES;
				GCC_WARN_ABOUT_RETURN_TYPE = YES_ERROR;
				GCC_WARN_UNDECLARED_SELECTOR = YES;
				GCC_WARN_UNINITIALIZED_AUTOS = YES_AGGRESSIVE;
				GCC_WARN_UNUSED_FUNCTION = YES;
				GCC_WARN_UNUSED_VARIABLE = YES;
				IPHONEOS_DEPLOYMENT_TARGET = 16.0;
				LOCALIZATION_PREFERS_STRING_CATALOGS = YES;
				MTL_ENABLE_DEBUG_INFO = NO;
				MTL_FAST_MATH = YES;
				SDKROOT = iphoneos;
				SWIFT_COMPILATION_MODE = wholemodule;
				VALIDATE_PRODUCT = YES;
			};
			name = Release;
		};
		3CD56FEB2BD6451500687344 /* Debug */ = {
			isa = XCBuildConfiguration;
			buildSettings = {
				ASSETCATALOG_COMPILER_APPICON_NAME = AppIcon;
				ASSETCATALOG_COMPILER_GLOBAL_ACCENT_COLOR_NAME = AccentColor;
				CODE_SIGN_STYLE = Automatic;
				CURRENT_PROJECT_VERSION = 1;
				DEVELOPMENT_TEAM = RWVR2LTN52;
				GENERATE_INFOPLIST_FILE = YES;
				INFOPLIST_FILE = TicketKing/Info.plist;
				INFOPLIST_KEY_UIApplicationSupportsIndirectInputEvents = YES;
				INFOPLIST_KEY_UILaunchStoryboardName = LaunchScreen;
				INFOPLIST_KEY_UIMainStoryboardFile = Main;
				INFOPLIST_KEY_UISupportedInterfaceOrientations = UIInterfaceOrientationPortrait;
				INFOPLIST_KEY_UISupportedInterfaceOrientations_iPad = "UIInterfaceOrientationLandscapeLeft UIInterfaceOrientationLandscapeRight UIInterfaceOrientationPortrait UIInterfaceOrientationPortraitUpsideDown";
				IPHONEOS_DEPLOYMENT_TARGET = 16.0;
				LD_RUNPATH_SEARCH_PATHS = (
					"$(inherited)",
					"@executable_path/Frameworks",
				);
				MARKETING_VERSION = 1.0;
				PRODUCT_BUNDLE_IDENTIFIER = com.HJ.TicketKing;
				PRODUCT_NAME = "$(TARGET_NAME)";
				SUPPORTED_PLATFORMS = "iphoneos iphonesimulator";
				SUPPORTS_MACCATALYST = NO;
				SUPPORTS_MAC_DESIGNED_FOR_IPHONE_IPAD = NO;
				SUPPORTS_XR_DESIGNED_FOR_IPHONE_IPAD = NO;
				SWIFT_EMIT_LOC_STRINGS = YES;
				SWIFT_VERSION = 5.0;
				TARGETED_DEVICE_FAMILY = 1;
			};
			name = Debug;
		};
		3CD56FEC2BD6451500687344 /* Release */ = {
			isa = XCBuildConfiguration;
			buildSettings = {
				ASSETCATALOG_COMPILER_APPICON_NAME = AppIcon;
				ASSETCATALOG_COMPILER_GLOBAL_ACCENT_COLOR_NAME = AccentColor;
				CODE_SIGN_STYLE = Automatic;
				CURRENT_PROJECT_VERSION = 1;
				DEVELOPMENT_TEAM = RWVR2LTN52;
				GENERATE_INFOPLIST_FILE = YES;
				INFOPLIST_FILE = TicketKing/Info.plist;
				INFOPLIST_KEY_UIApplicationSupportsIndirectInputEvents = YES;
				INFOPLIST_KEY_UILaunchStoryboardName = LaunchScreen;
				INFOPLIST_KEY_UIMainStoryboardFile = Main;
				INFOPLIST_KEY_UISupportedInterfaceOrientations = UIInterfaceOrientationPortrait;
				INFOPLIST_KEY_UISupportedInterfaceOrientations_iPad = "UIInterfaceOrientationLandscapeLeft UIInterfaceOrientationLandscapeRight UIInterfaceOrientationPortrait UIInterfaceOrientationPortraitUpsideDown";
				IPHONEOS_DEPLOYMENT_TARGET = 16.0;
				LD_RUNPATH_SEARCH_PATHS = (
					"$(inherited)",
					"@executable_path/Frameworks",
				);
				MARKETING_VERSION = 1.0;
				PRODUCT_BUNDLE_IDENTIFIER = com.HJ.TicketKing;
				PRODUCT_NAME = "$(TARGET_NAME)";
				SUPPORTED_PLATFORMS = "iphoneos iphonesimulator";
				SUPPORTS_MACCATALYST = NO;
				SUPPORTS_MAC_DESIGNED_FOR_IPHONE_IPAD = NO;
				SUPPORTS_XR_DESIGNED_FOR_IPHONE_IPAD = NO;
				SWIFT_EMIT_LOC_STRINGS = YES;
				SWIFT_VERSION = 5.0;
				TARGETED_DEVICE_FAMILY = 1;
			};
			name = Release;
		};
/* End XCBuildConfiguration section */

/* Begin XCConfigurationList section */
		3CD56FCE2BD6451200687344 /* Build configuration list for PBXProject "TicketKing" */ = {
			isa = XCConfigurationList;
			buildConfigurations = (
				3CD56FE82BD6451500687344 /* Debug */,
				3CD56FE92BD6451500687344 /* Release */,
			);
			defaultConfigurationIsVisible = 0;
			defaultConfigurationName = Release;
		};
		3CD56FEA2BD6451500687344 /* Build configuration list for PBXNativeTarget "TicketKing" */ = {
			isa = XCConfigurationList;
			buildConfigurations = (
				3CD56FEB2BD6451500687344 /* Debug */,
				3CD56FEC2BD6451500687344 /* Release */,
			);
			defaultConfigurationIsVisible = 0;
			defaultConfigurationName = Release;
		};
/* End XCConfigurationList section */

/* Begin XCRemoteSwiftPackageReference section */
		2A52141B2BD7828D00E5E4A6 /* XCRemoteSwiftPackageReference "SnapKit" */ = {
			isa = XCRemoteSwiftPackageReference;
			repositoryURL = "https://github.com/SnapKit/SnapKit.git";
			requirement = {
				kind = upToNextMajorVersion;
				minimumVersion = 5.7.1;
			};
		};
		2ACE9E7B2BD65F3D000E4669 /* XCRemoteSwiftPackageReference "SDWebImage" */ = {
			isa = XCRemoteSwiftPackageReference;
			repositoryURL = "https://github.com/SDWebImage/SDWebImage.git";
			requirement = {
				kind = upToNextMajorVersion;
				minimumVersion = 5.19.1;
			};
		};
/* End XCRemoteSwiftPackageReference section */

/* Begin XCSwiftPackageProductDependency section */
		2A52141C2BD7828D00E5E4A6 /* SnapKit */ = {
			isa = XCSwiftPackageProductDependency;
			package = 2A52141B2BD7828D00E5E4A6 /* XCRemoteSwiftPackageReference "SnapKit" */;
			productName = SnapKit;
		};
		2A52141E2BD7828D00E5E4A6 /* SnapKit-Dynamic */ = {
			isa = XCSwiftPackageProductDependency;
			package = 2A52141B2BD7828D00E5E4A6 /* XCRemoteSwiftPackageReference "SnapKit" */;
			productName = "SnapKit-Dynamic";
		};
		2ACE9E7C2BD65F3D000E4669 /* SDWebImage */ = {
			isa = XCSwiftPackageProductDependency;
			package = 2ACE9E7B2BD65F3D000E4669 /* XCRemoteSwiftPackageReference "SDWebImage" */;
			productName = SDWebImage;
		};
/* End XCSwiftPackageProductDependency section */

/* Begin XCVersionGroup section */
		3CD56FDF2BD6451200687344 /* TicketKing.xcdatamodeld */ = {
			isa = XCVersionGroup;
			children = (
				3CD56FE02BD6451200687344 /* TicketKing.xcdatamodel */,
			);
			currentVersion = 3CD56FE02BD6451200687344 /* TicketKing.xcdatamodel */;
			path = TicketKing.xcdatamodeld;
			sourceTree = "<group>";
			versionGroupType = wrapper.xcdatamodel;
		};
/* End XCVersionGroup section */
	};
	rootObject = 3CD56FCB2BD6451200687344 /* Project object */;
}
